
Microsoft Visual Studio Solution File, Format Version 12.00
# Visual Studio 15
VisualStudioVersion = 15.0.27703.1
MinimumVisualStudioVersion = 10.0.40219.1
Project("{8BC9CEB8-8B4A-11D0-8D11-00A0C91BC942}") = "grpcSenderCpp", "grpcSenderCpp\grpcSenderCpp.vcxproj", "{9EFEBE3E-26D1-416F-B96E-89B23B78A377}"
EndProject
Global
	GlobalSection(SolutionConfigurationPlatforms) = preSolution
		Debug|x64 = Debug|x64
		Debug|x86 = Debug|x86
		Release|x64 = Release|x64
		Release|x86 = Release|x86
	EndGlobalSection
	GlobalSection(ProjectConfigurationPlatforms) = postSolution
		{9EFEBE3E-26D1-416F-B96E-89B23B78A377}.Debug|x64.ActiveCfg = Debug|x64
		{9EFEBE3E-26D1-416F-B96E-89B23B78A377}.Debug|x64.Build.0 = Debug|x64
		{9EFEBE3E-26D1-416F-B96E-89B23B78A377}.Debug|x86.ActiveCfg = Debug|Win32
		{9EFEBE3E-26D1-416F-B96E-89B23B78A377}.Debug|x86.Build.0 = Debug|Win32
		{9EFEBE3E-26D1-416F-B96E-89B23B78A377}.Release|x64.ActiveCfg = Release|x64
		{9EFEBE3E-26D1-416F-B96E-89B23B78A377}.Release|x64.Build.0 = Release|x64
		{9EFEBE3E-26D1-416F-B96E-89B23B78A377}.Release|x86.ActiveCfg = Release|Win32
		{9EFEBE3E-26D1-416F-B96E-89B23B78A377}.Release|x86.Build.0 = Release|Win32
	EndGlobalSection
	GlobalSection(SolutionProperties) = preSolution
		HideSolutionNode = FALSE
	EndGlobalSection
	GlobalSection(ExtensibilityGlobals) = postSolution
		SolutionGuid = {5E4C96CD-C7B7-4C19-B794-BD800DF683E9}
	EndGlobalSection
EndGlobal
